
Microsoft Visual Studio Solution File, Format Version 12.00
# Visual Studio 2012
Project("{8BC9CEB8-8B4A-11D0-8D11-00A0C91BC942}") = "stlviewer", "stlviewer.vcxproj", "{02002209-64AA-3C2E-92DF-27D4EA324FF2}"
EndProject
Global
	GlobalSection(SolutionConfigurationPlatforms) = preSolution
		Debug|Win32 = Debug|Win32
		Release|Win32 = Release|Win32
	EndGlobalSection
	GlobalSection(ProjectConfigurationPlatforms) = postSolution
		{02002209-64AA-3C2E-92DF-27D4EA324FF2}.Debug|Win32.ActiveCfg = Debug|Win32
		{02002209-64AA-3C2E-92DF-27D4EA324FF2}.Debug|Win32.Build.0 = Debug|Win32
		{02002209-64AA-3C2E-92DF-27D4EA324FF2}.Release|Win32.ActiveCfg = Release|Win32
		{02002209-64AA-3C2E-92DF-27D4EA324FF2}.Release|Win32.Build.0 = Release|Win32
	EndGlobalSection
	GlobalSection(SolutionProperties) = preSolution
		HideSolutionNode = FALSE
	EndGlobalSection
EndGlobal
